
Microsoft Visual Studio Solution File, Format Version 12.00
# Visual Studio Version 16
VisualStudioVersion = 16.0.31410.357
MinimumVisualStudioVersion = 10.0.40219.1
Project("{FAE04EC0-301F-11D3-BF4B-00C04F79EFBC}") = "Parser_for_DNS", "Parser_for_DNS\Parser_for_DNS.csproj", "{12F15C0D-5C58-4CA0-8C1B-0C511B105316}"
EndProject
Global
	GlobalSection(SolutionConfigurationPlatforms) = preSolution
		Debug|Any CPU = Debug|Any CPU
		Release|Any CPU = Release|Any CPU
	EndGlobalSection
	GlobalSection(ProjectConfigurationPlatforms) = postSolution
		{12F15C0D-5C58-4CA0-8C1B-0C511B105316}.Debug|Any CPU.ActiveCfg = Debug|Any CPU
		{12F15C0D-5C58-4CA0-8C1B-0C511B105316}.Debug|Any CPU.Build.0 = Debug|Any CPU
		{12F15C0D-5C58-4CA0-8C1B-0C511B105316}.Release|Any CPU.ActiveCfg = Release|Any CPU
		{12F15C0D-5C58-4CA0-8C1B-0C511B105316}.Release|Any CPU.Build.0 = Release|Any CPU
	EndGlobalSection
	GlobalSection(SolutionProperties) = preSolution
		HideSolutionNode = FALSE
	EndGlobalSection
	GlobalSection(ExtensibilityGlobals) = postSolution
		SolutionGuid = {A7ECE778-C9FB-466B-9EB6-68BF04DBD02C}
	EndGlobalSection
EndGlobal
